
Microsoft Visual Studio Solution File, Format Version 12.00
# Visual Studio Version 17
VisualStudioVersion = 17.7.34202.233
MinimumVisualStudioVersion = 10.0.40219.1
Project("{FAE04EC0-301F-11D3-BF4B-00C04F79EFBC}") = "HotelListing.API", "HotelListing.API.csproj", "{165A29B8-91C0-42E5-92DC-80557F0AA3D1}"
EndProject
Project("{FAE04EC0-301F-11D3-BF4B-00C04F79EFBC}") = "HotelListingMinimalAPI", "..\HotelListingMinimalAPI\HotelListingMinimalAPI.csproj", "{2947AA3B-9DD2-4F93-BD9C-23A6D2080CF0}"
EndProject
Global
	GlobalSection(SolutionConfigurationPlatforms) = preSolution
		Debug|Any CPU = Debug|Any CPU
		Release|Any CPU = Release|Any CPU
	EndGlobalSection
	GlobalSection(ProjectConfigurationPlatforms) = postSolution
		{165A29B8-91C0-42E5-92DC-80557F0AA3D1}.Debug|Any CPU.ActiveCfg = Debug|Any CPU
		{165A29B8-91C0-42E5-92DC-80557F0AA3D1}.Debug|Any CPU.Build.0 = Debug|Any CPU
		{165A29B8-91C0-42E5-92DC-80557F0AA3D1}.Release|Any CPU.ActiveCfg = Release|Any CPU
		{165A29B8-91C0-42E5-92DC-80557F0AA3D1}.Release|Any CPU.Build.0 = Release|Any CPU
		{2947AA3B-9DD2-4F93-BD9C-23A6D2080CF0}.Debug|Any CPU.ActiveCfg = Debug|Any CPU
		{2947AA3B-9DD2-4F93-BD9C-23A6D2080CF0}.Debug|Any CPU.Build.0 = Debug|Any CPU
		{2947AA3B-9DD2-4F93-BD9C-23A6D2080CF0}.Release|Any CPU.ActiveCfg = Release|Any CPU
		{2947AA3B-9DD2-4F93-BD9C-23A6D2080CF0}.Release|Any CPU.Build.0 = Release|Any CPU
	EndGlobalSection
	GlobalSection(SolutionProperties) = preSolution
		HideSolutionNode = FALSE
	EndGlobalSection
	GlobalSection(ExtensibilityGlobals) = postSolution
		SolutionGuid = {6FCD05DF-B128-4B15-AED0-9A6DE0D67961}
	EndGlobalSection
EndGlobal
